// !$*UTF8*$!
{
	archiveVersion = 1;
	classes = {
	};
	objectVersion = 48;
	objects = {

/* Begin PBXBuildFile section */
		C20F9D0D1F95A9AB00C6BB28 /* AppDelegate.m in Sources */ = {isa = PBXBuildFile; fileRef = C20F9D0C1F95A9AB00C6BB28 /* AppDelegate.m */; };
		C20F9D101F95A9AB00C6BB28 /* ViewController.m in Sources */ = {isa = PBXBuildFile; fileRef = C20F9D0F1F95A9AB00C6BB28 /* ViewController.m */; };
		C20F9D131F95A9AB00C6BB28 /* Main.storyboard in Resources */ = {isa = PBXBuildFile; fileRef = C20F9D111F95A9AB00C6BB28 /* Main.storyboard */; };
		C20F9D151F95A9AB00C6BB28 /* Assets.xcassets in Resources */ = {isa = PBXBuildFile; fileRef = C20F9D141F95A9AB00C6BB28 /* Assets.xcassets */; };
		C20F9D181F95A9AB00C6BB28 /* LaunchScreen.storyboard in Resources */ = {isa = PBXBuildFile; fileRef = C20F9D161F95A9AB00C6BB28 /* LaunchScreen.storyboard */; };
		C20F9D1B1F95A9AC00C6BB28 /* main.m in Sources */ = {isa = PBXBuildFile; fileRef = C20F9D1A1F95A9AC00C6BB28 /* main.m */; };
		C20F9D241F95AA0A00C6BB28 /* UILabel+ChangeLineSpaceAndWordSpace.m in Sources */ = {isa = PBXBuildFile; fileRef = C20F9D231F95AA0A00C6BB28 /* UILabel+ChangeLineSpaceAndWordSpace.m */; };
		C20F9D8C1F96FD6F00C6BB28 /* UILabel+ChageTextColorAndFont.m in Sources */ = {isa = PBXBuildFile; fileRef = C20F9D8B1F96FD6F00C6BB28 /* UILabel+ChageTextColorAndFont.m */; };
/* End PBXBuildFile section */

/* Begin PBXFileReference section */
		C20F9D081F95A9AB00C6BB28 /* KNLableChange.app */ = {isa = PBXFileReference; explicitFileType = wrapper.application; includeInIndex = 0; path = KNLableChange.app; sourceTree = BUILT_PRODUCTS_DIR; };
		C20F9D0B1F95A9AB00C6BB28 /* AppDelegate.h */ = {isa = PBXFileReference; lastKnownFileType = sourcecode.c.h; path = AppDelegate.h; sourceTree = "<group>"; };
		C20F9D0C1F95A9AB00C6BB28 /* AppDelegate.m */ = {isa = PBXFileReference; lastKnownFileType = sourcecode.c.objc; path = AppDelegate.m; sourceTree = "<group>"; };
		C20F9D0E1F95A9AB00C6BB28 /* ViewController.h */ = {isa = PBXFileReference; lastKnownFileType = sourcecode.c.h; path = ViewController.h; sourceTree = "<group>"; };
		C20F9D0F1F95A9AB00C6BB28 /* ViewController.m */ = {isa = PBXFileReference; lastKnownFileType = sourcecode.c.objc; path = ViewController.m; sourceTree = "<group>"; };
		C20F9D121F95A9AB00C6BB28 /* Base */ = {isa = PBXFileReference; lastKnownFileType = file.storyboard; name = Base; path = Base.lproj/Main.storyboard; sourceTree = "<group>"; };
		C20F9D141F95A9AB00C6BB28 /* Assets.xcassets */ = {isa = PBXFileReference; lastKnownFileType = folder.assetcatalog; path = Assets.xcassets; sourceTree = "<group>"; };
		C20F9D171F95A9AB00C6BB28 /* Base */ = {isa = PBXFileReference; lastKnownFileType = file.storyboard; name = Base; path = Base.lproj/LaunchScreen.storyboard; sourceTree = "<group>"; };
		C20F9D191F95A9AC00C6BB28 /* Info.plist */ = {isa = PBXFileReference; lastKnownFileType = text.plist.xml; path = Info.plist; sourceTree = "<group>"; };
		C20F9D1A1F95A9AC00C6BB28 /* main.m */ = {isa = PBXFileReference; lastKnownFileType = sourcecode.c.objc; path = main.m; sourceTree = "<group>"; };
		C20F9D221F95AA0A00C6BB28 /* UILabel+ChangeLineSpaceAndWordSpace.h */ = {isa = PBXFileReference; lastKnownFileType = sourcecode.c.h; path = "UILabel+ChangeLineSpaceAndWordSpace.h"; sourceTree = "<group>"; };
		C20F9D231F95AA0A00C6BB28 /* UILabel+ChangeLineSpaceAndWordSpace.m */ = {isa = PBXFileReference; lastKnownFileType = sourcecode.c.objc; path = "UILabel+ChangeLineSpaceAndWordSpace.m"; sourceTree = "<group>"; };
		C20F9D8A1F96FD6F00C6BB28 /* UILabel+ChageTextColorAndFont.h */ = {isa = PBXFileReference; lastKnownFileType = sourcecode.c.h; path = "UILabel+ChageTextColorAndFont.h"; sourceTree = "<group>"; };
		C20F9D8B1F96FD6F00C6BB28 /* UILabel+ChageTextColorAndFont.m */ = {isa = PBXFileReference; lastKnownFileType = sourcecode.c.objc; path = "UILabel+ChageTextColorAndFont.m"; sourceTree = "<group>"; };
/* End PBXFileReference section */

/* Begin PBXFrameworksBuildPhase section */
		C20F9D051F95A9AB00C6BB28 /* Frameworks */ = {
			isa = PBXFrameworksBuildPhase;
			buildActionMask = 2147483647;
			files = (
			);
			runOnlyForDeploymentPostprocessing = 0;
		};
/* End PBXFrameworksBuildPhase section */

/* Begin PBXGroup section */
		C20F9CFF1F95A9AB00C6BB28 = {
			isa = PBXGroup;
			children = (
				C20F9D0A1F95A9AB00C6BB28 /* KNLableChange */,
				C20F9D091F95A9AB00C6BB28 /* Products */,
			);
			sourceTree = "<group>";
		};
		C20F9D091F95A9AB00C6BB28 /* Products */ = {
			isa = PBXGroup;
			children = (
				C20F9D081F95A9AB00C6BB28 /* KNLableChange.app */,
			);
			name = Products;
			sourceTree = "<group>";
		};
		C20F9D0A1F95A9AB00C6BB28 /* KNLableChange */ = {
			isa = PBXGroup;
			children = (
				C20F9D211F95A9DC00C6BB28 /* KNLable */,
				C20F9D0B1F95A9AB00C6BB28 /* AppDelegate.h */,
				C20F9D0C1F95A9AB00C6BB28 /* AppDelegate.m */,
				C20F9D0E1F95A9AB00C6BB28 /* ViewController.h */,
				C20F9D0F1F95A9AB00C6BB28 /* ViewController.m */,
				C20F9D111F95A9AB00C6BB28 /* Main.storyboard */,
				C20F9D141F95A9AB00C6BB28 /* Assets.xcassets */,
				C20F9D161F95A9AB00C6BB28 /* LaunchScreen.storyboard */,
				C20F9D191F95A9AC00C6BB28 /* Info.plist */,
				C20F9D1A1F95A9AC00C6BB28 /* main.m */,
			);
			path = KNLableChange;
			sourceTree = "<group>";
		};
		C20F9D211F95A9DC00C6BB28 /* KNLable */ = {
			isa = PBXGroup;
			children = (
				C20F9D221F95AA0A00C6BB28 /* UILabel+ChangeLineSpaceAndWordSpace.h */,
				C20F9D231F95AA0A00C6BB28 /* UILabel+ChangeLineSpaceAndWordSpace.m */,
				C20F9D8A1F96FD6F00C6BB28 /* UILabel+ChageTextColorAndFont.h */,
				C20F9D8B1F96FD6F00C6BB28 /* UILabel+ChageTextColorAndFont.m */,
			);
			path = KNLable;
			sourceTree = "<group>";
		};
/* End PBXGroup section */

/* Begin PBXNativeTarget section */
		C20F9D071F95A9AB00C6BB28 /* KNLableChange */ = {
			isa = PBXNativeTarget;
			buildConfigurationList = C20F9D1E1F95A9AC00C6BB28 /* Build configuration list for PBXNativeTarget "KNLableChange" */;
			buildPhases = (
				C20F9D041F95A9AB00C6BB28 /* Sources */,
				C20F9D051F95A9AB00C6BB28 /* Frameworks */,
				C20F9D061F95A9AB00C6BB28 /* Resources */,
			);
			buildRules = (
			);
			dependencies = (
			);
			name = KNLableChange;
			productName = KNLableChange;
			productReference = C20F9D081F95A9AB00C6BB28 /* KNLableChange.app */;
			productType = "com.apple.product-type.application";
		};
/* End PBXNativeTarget section */

/* Begin PBXProject section */
		C20F9D001F95A9AB00C6BB28 /* Project object */ = {
			isa = PBXProject;
			attributes = {
				LastUpgradeCheck = 0900;
				ORGANIZATIONNAME = KrystalName;
				TargetAttributes = {
					C20F9D071F95A9AB00C6BB28 = {
						CreatedOnToolsVersion = 9.0;
						ProvisioningStyle = Automatic;
					};
				};
			};
			buildConfigurationList = C20F9D031F95A9AB00C6BB28 /* Build configuration list for PBXProject "KNLableChange" */;
			compatibilityVersion = "Xcode 8.0";
			developmentRegion = en;
			hasScannedForEncodings = 0;
			knownRegions = (
				en,
				Base,
			);
			mainGroup = C20F9CFF1F95A9AB00C6BB28;
			productRefGroup = C20F9D091F95A9AB00C6BB28 /* Products */;
			projectDirPath = "";
			projectRoot = "";
			targets = (
				C20F9D071F95A9AB00C6BB28 /* KNLableChange */,
			);
		};
/* End PBXProject section */

/* Begin PBXResourcesBuildPhase section */
		C20F9D061F95A9AB00C6BB28 /* Resources */ = {
			isa = PBXResourcesBuildPhase;
			buildActionMask = 2147483647;
			files = (
				C20F9D181F95A9AB00C6BB28 /* LaunchScreen.storyboard in Resources */,
				C20F9D151F95A9AB00C6BB28 /* Assets.xcassets in Resources */,
				C20F9D131F95A9AB00C6BB28 /* Main.storyboard in Resources */,
			);
			runOnlyForDeploymentPostprocessing = 0;
		};
/* End PBXResourcesBuildPhase section */

/* Begin PBXSourcesBuildPhase section */
		C20F9D041F95A9AB00C6BB28 /* Sources */ = {
			isa = PBXSourcesBuildPhase;
			buildActionMask = 2147483647;
			files = (
				C20F9D101F95A9AB00C6BB28 /* ViewController.m in Sources */,
				C20F9D1B1F95A9AC00C6BB28 /* main.m in Sources */,
				C20F9D241F95AA0A00C6BB28 /* UILabel+ChangeLineSpaceAndWordSpace.m in Sources */,
				C20F9D0D1F95A9AB00C6BB28 /* AppDelegate.m in Sources */,
				C20F9D8C1F96FD6F00C6BB28 /* UILabel+ChageTextColorAndFont.m in Sources */,
			);
			runOnlyForDeploymentPostprocessing = 0;
		};
/* End PBXSourcesBuildPhase section */

/* Begin PBXVariantGroup section */
		C20F9D111F95A9AB00C6BB28 /* Main.storyboard */ = {
			isa = PBXVariantGroup;
			children = (
				C20F9D121F95A9AB00C6BB28 /* Base */,
			);
			name = Main.storyboard;
			sourceTree = "<group>";
		};
		C20F9D161F95A9AB00C6BB28 /* LaunchScreen.storyboard */ = {
			isa = PBXVariantGroup;
			children = (
				C20F9D171F95A9AB00C6BB28 /* Base */,
			);
			name = LaunchScreen.storyboard;
			sourceTree = "<group>";
		};
/* End PBXVariantGroup section */

/* Begin XCBuildConfiguration section */
		C20F9D1C1F95A9AC00C6BB28 /* Debug */ = {
			isa = XCBuildConfiguration;
			buildSettings = {
				ALWAYS_SEARCH_USER_PATHS = NO;
				CLANG_ANALYZER_NONNULL = YES;
				CLANG_ANALYZER_NUMBER_OBJECT_CONVERSION = YES_AGGRESSIVE;
				CLANG_CXX_LANGUAGE_STANDARD = "gnu++14";
				CLANG_CXX_LIBRARY = "libc++";
				CLANG_ENABLE_MODULES = YES;
				CLANG_ENABLE_OBJC_ARC = YES;
				CLANG_WARN_BLOCK_CAPTURE_AUTORELEASING = YES;
				CLANG_WARN_BOOL_CONVERSION = YES;
				CLANG_WARN_COMMA = YES;
				CLANG_WARN_CONSTANT_CONVERSION = YES;
				CLANG_WARN_DIRECT_OBJC_ISA_USAGE = YES_ERROR;
				CLANG_WARN_DOCUMENTATION_COMMENTS = YES;
				CLANG_WARN_EMPTY_BODY = YES;
				CLANG_WARN_ENUM_CONVERSION = YES;
				CLANG_WARN_INFINITE_RECURSION = YES;
				CLANG_WARN_INT_CONVERSION = YES;
				CLANG_WARN_NON_LITERAL_NULL_CONVERSION = YES;
				CLANG_WARN_OBJC_LITERAL_CONVERSION = YES;
				CLANG_WARN_OBJC_ROOT_CLASS = YES_ERROR;
				CLANG_WARN_RANGE_LOOP_ANALYSIS = YES;
				CLANG_WARN_STRICT_PROTOTYPES = YES;
				CLANG_WARN_SUSPICIOUS_MOVE = YES;
				CLANG_WARN_UNGUARDED_AVAILABILITY = YES_AGGRESSIVE;
				CLANG_WARN_UNREACHABLE_CODE = YES;
				CLANG_WARN__DUPLICATE_METHOD_MATCH = YES;
				CODE_SIGN_IDENTITY = "iPhone Developer";
				COPY_PHASE_STRIP = NO;
				DEBUG_INFORMATION_FORMAT = dwarf;
				ENABLE_STRICT_OBJC_MSGSEND = YES;
				ENABLE_TESTABILITY = YES;
				GCC_C_LANGUAGE_STANDARD = gnu11;
				GCC_DYNAMIC_NO_PIC = NO;
				GCC_NO_COMMON_BLOCKS = YES;
				GCC_OPTIMIZATION_LEVEL = 0;
				GCC_PREPROCESSOR_DEFINITIONS = (
					"DEBUG=1",
					"$(inherited)",
				);
				GCC_WARN_64_TO_32_BIT_CONVERSION = YES;
				GCC_WARN_ABOUT_RETURN_TYPE = YES_ERROR;
				GCC_WARN_UNDECLARED_SELECTOR = YES;
				GCC_WARN_UNINITIALIZED_AUTOS = YES_AGGRESSIVE;
				GCC_WARN_UNUSED_FUNCTION = YES;
				GCC_WARN_UNUSED_VARIABLE = YES;
				IPHONEOS_DEPLOYMENT_TARGET = 11.0;
				MTL_ENABLE_DEBUG_INFO = YES;
				ONLY_ACTIVE_ARCH = YES;
				SDKROOT = iphoneos;
			};
			name = Debug;
		};
		C20F9D1D1F95A9AC00C6BB28 /* Release */ = {
			isa = XCBuildConfiguration;
			buildSettings = {
				ALWAYS_SEARCH_USER_PATHS = NO;
				CLANG_ANALYZER_NONNULL = YES;
				CLANG_ANALYZER_NUMBER_OBJECT_CONVERSION = YES_AGGRESSIVE;
				CLANG_CXX_LANGUAGE_STANDARD = "gnu++14";
				CLANG_CXX_LIBRARY = "libc++";
				CLANG_ENABLE_MODULES = YES;
				CLANG_ENABLE_OBJC_ARC = YES;
				CLANG_WARN_BLOCK_CAPTURE_AUTORELEASING = YES;
				CLANG_WARN_BOOL_CONVERSION = YES;
				CLANG_WARN_COMMA = YES;
				CLANG_WARN_CONSTANT_CONVERSION = YES;
				CLANG_WARN_DIRECT_OBJC_ISA_USAGE = YES_ERROR;
				CLANG_WARN_DOCUMENTATION_COMMENTS = YES;
				CLANG_WARN_EMPTY_BODY = YES;
				CLANG_WARN_ENUM_CONVERSION = YES;
				CLANG_WARN_INFINITE_RECURSION = YES;
				CLANG_WARN_INT_CONVERSION = YES;
				CLANG_WARN_NON_LITERAL_NULL_CONVERSION = YES;
				CLANG_WARN_OBJC_LITERAL_CONVERSION = YES;
				CLANG_WARN_OBJC_ROOT_CLASS = YES_ERROR;
				CLANG_WARN_RANGE_LOOP_ANALYSIS = YES;
				CLANG_WARN_STRICT_PROTOTYPES = YES;
				CLANG_WARN_SUSPICIOUS_MOVE = YES;
				CLANG_WARN_UNGUARDED_AVAILABILITY = YES_AGGRESSIVE;
				CLANG_WARN_UNREACHABLE_CODE = YES;
				CLANG_WARN__DUPLICATE_METHOD_MATCH = YES;
				CODE_SIGN_IDENTITY = "iPhone Developer";
				COPY_PHASE_STRIP = NO;
				DEBUG_INFORMATION_FORMAT = "dwarf-with-dsym";
				ENABLE_NS_ASSERTIONS = NO;
				ENABLE_STRICT_OBJC_MSGSEND = YES;
				GCC_C_LANGUAGE_STANDARD = gnu11;
				GCC_NO_COMMON_BLOCKS = YES;
				GCC_WARN_64_TO_32_BIT_CONVERSION = YES;
				GCC_WARN_ABOUT_RETURN_TYPE = YES_ERROR;
				GCC_WARN_UNDECLARED_SELECTOR = YES;
				GCC_WARN_UNINITIALIZED_AUTOS = YES_AGGRESSIVE;
				GCC_WARN_UNUSED_FUNCTION = YES;
				GCC_WARN_UNUSED_VARIABLE = YES;
				IPHONEOS_DEPLOYMENT_TARGET = 11.0;
				MTL_ENABLE_DEBUG_INFO = NO;
				SDKROOT = iphoneos;
				VALIDATE_PRODUCT = YES;
			};
			name = Release;
		};
		C20F9D1F1F95A9AC00C6BB28 /* Debug */ = {
			isa = XCBuildConfiguration;
			buildSettings = {
				ASSETCATALOG_COMPILER_APPICON_NAME = AppIcon;
				CODE_SIGN_STYLE = Automatic;
				DEVELOPMENT_TEAM = VG6Q85865M;
				INFOPLIST_FILE = KNLableChange/Info.plist;
				LD_RUNPATH_SEARCH_PATHS = "$(inherited) @executable_path/Frameworks";
				PRODUCT_BUNDLE_IDENTIFIER = Leessang.KNLableChange;
				PRODUCT_NAME = "$(TARGET_NAME)";
				TARGETED_DEVICE_FAMILY = "1,2";
			};
			name = Debug;
		};
		C20F9D201F95A9AC00C6BB28 /* Release */ = {
			isa = XCBuildConfiguration;
			buildSettings = {
				ASSETCATALOG_COMPILER_APPICON_NAME = AppIcon;
				CODE_SIGN_STYLE = Automatic;
				DEVELOPMENT_TEAM = VG6Q85865M;
				INFOPLIST_FILE = KNLableChange/Info.plist;
				LD_RUNPATH_SEARCH_PATHS = "$(inherited) @executable_path/Frameworks";
				PRODUCT_BUNDLE_IDENTIFIER = Leessang.KNLableChange;
				PRODUCT_NAME = "$(TARGET_NAME)";
				TARGETED_DEVICE_FAMILY = "1,2";
			};
			name = Release;
		};
/* End XCBuildConfiguration section */

/* Begin XCConfigurationList section */
		C20F9D031F95A9AB00C6BB28 /* Build configuration list for PBXProject "KNLableChange" */ = {
			isa = XCConfigurationList;
			buildConfigurations = (
				C20F9D1C1F95A9AC00C6BB28 /* Debug */,
				C20F9D1D1F95A9AC00C6BB28 /* Release */,
			);
			defaultConfigurationIsVisible = 0;
			defaultConfigurationName = Release;
		};
		C20F9D1E1F95A9AC00C6BB28 /* Build configuration list for PBXNativeTarget "KNLableChange" */ = {
			isa = XCConfigurationList;
			buildConfigurations = (
				C20F9D1F1F95A9AC00C6BB28 /* Debug */,
				C20F9D201F95A9AC00C6BB28 /* Release */,
			);
			defaultConfigurationIsVisible = 0;
			defaultConfigurationName = Release;
		};
/* End XCConfigurationList section */
	};
	rootObject = C20F9D001F95A9AB00C6BB28 /* Project object */;
}
